PODS:
  - FBSnapshotTestCase (2.1.2):
    - FBSnapshotTestCase/SwiftSupport (= 2.1.2)
  - FBSnapshotTestCase/Core (2.1.2)
  - FBSnapshotTestCase/SwiftSupport (2.1.2):
    - FBSnapshotTestCase/Core
  - Kiwi (2.4.0)
  - MyLibrary (0.1.0)

DEPENDENCIES:
  - FBSnapshotTestCase
  - Kiwi
  - MyLibrary (from `../`)

EXTERNAL SOURCES:
  MyLibrary:
    :path: ../

SPEC CHECKSUMS:
  FBSnapshotTestCase: 918c55861356ee83aee7843d759f55a18ff6982b
  Kiwi: f49c9d54b28917df5928fe44968a39ed198cb8a8
  MyLibrary: ddbace7196e4fe0854e85134969e1f2c1890e24a

PODFILE CHECKSUM: c4c139a66a2a8830afc800c29f49b5f561a5c532

COCOAPODS: 1.1.0.beta.1
